
Microsoft Visual Studio Solution File, Format Version 12.00
# Visual Studio Version 17
VisualStudioVersion = 17.0.32112.339
MinimumVisualStudioVersion = 10.0.40219.1
Project("{FAE04EC0-301F-11D3-BF4B-00C04F79EFBC}") = "Line_Comparison_Problem", "Line_Comparison_Problem\Line_Comparison_Problem.csproj", "{7BB7F085-DF1A-4341-9DA3-92AD6B3058B5}"
EndProject
Global
	GlobalSection(SolutionConfigurationPlatforms) = preSolution
		Debug|Any CPU = Debug|Any CPU
		Release|Any CPU = Release|Any CPU
	EndGlobalSection
	GlobalSection(ProjectConfigurationPlatforms) = postSolution
		{7BB7F085-DF1A-4341-9DA3-92AD6B3058B5}.Debug|Any CPU.ActiveCfg = Debug|Any CPU
		{7BB7F085-DF1A-4341-9DA3-92AD6B3058B5}.Debug|Any CPU.Build.0 = Debug|Any CPU
		{7BB7F085-DF1A-4341-9DA3-92AD6B3058B5}.Release|Any CPU.ActiveCfg = Release|Any CPU
		{7BB7F085-DF1A-4341-9DA3-92AD6B3058B5}.Release|Any CPU.Build.0 = Release|Any CPU
	EndGlobalSection
	GlobalSection(SolutionProperties) = preSolution
		HideSolutionNode = FALSE
	EndGlobalSection
	GlobalSection(ExtensibilityGlobals) = postSolution
		SolutionGuid = {06AEADC3-1AA3-4B49-B059-BF32689394B0}
	EndGlobalSection
EndGlobal
